
Microsoft Visual Studio Solution File, Format Version 12.00
# Visual Studio 15
VisualStudioVersion = 15.0.26430.14
MinimumVisualStudioVersion = 10.0.40219.1
Project("{FAE04EC0-301F-11D3-BF4B-00C04F79EFBC}") = "DNSPod.Service", "DNSPod.Service\DNSPod.Service.csproj", "{965EA5A0-65F9-4875-B01F-D949DB92DF8D}"
EndProject
Global
	GlobalSection(SolutionConfigurationPlatforms) = preSolution
		Debug|Any CPU = Debug|Any CPU
		Debug|ARM = Debug|ARM
		Debug|ARM64 = Debug|ARM64
		Debug|x64 = Debug|x64
		Debug|x86 = Debug|x86
		Release|Any CPU = Release|Any CPU
		Release|ARM = Release|ARM
		Release|ARM64 = Release|ARM64
		Release|x64 = Release|x64
		Release|x86 = Release|x86
	EndGlobalSection
	GlobalSection(ProjectConfigurationPlatforms) = postSolution
		{965EA5A0-65F9-4875-B01F-D949DB92DF8D}.Debug|Any CPU.ActiveCfg = Debug|Any CPU
		{965EA5A0-65F9-4875-B01F-D949DB92DF8D}.Debug|Any CPU.Build.0 = Debug|Any CPU
		{965EA5A0-65F9-4875-B01F-D949DB92DF8D}.Debug|ARM.ActiveCfg = Debug|Any CPU
		{965EA5A0-65F9-4875-B01F-D949DB92DF8D}.Debug|ARM.Build.0 = Debug|Any CPU
		{965EA5A0-65F9-4875-B01F-D949DB92DF8D}.Debug|ARM64.ActiveCfg = Debug|Any CPU
		{965EA5A0-65F9-4875-B01F-D949DB92DF8D}.Debug|ARM64.Build.0 = Debug|Any CPU
		{965EA5A0-65F9-4875-B01F-D949DB92DF8D}.Debug|x64.ActiveCfg = Debug|Any CPU
		{965EA5A0-65F9-4875-B01F-D949DB92DF8D}.Debug|x64.Build.0 = Debug|Any CPU
		{965EA5A0-65F9-4875-B01F-D949DB92DF8D}.Debug|x86.ActiveCfg = Debug|Any CPU
		{965EA5A0-65F9-4875-B01F-D949DB92DF8D}.Debug|x86.Build.0 = Debug|Any CPU
		{965EA5A0-65F9-4875-B01F-D949DB92DF8D}.Release|Any CPU.ActiveCfg = Release|Any CPU
		{965EA5A0-65F9-4875-B01F-D949DB92DF8D}.Release|Any CPU.Build.0 = Release|Any CPU
		{965EA5A0-65F9-4875-B01F-D949DB92DF8D}.Release|ARM.ActiveCfg = Release|Any CPU
		{965EA5A0-65F9-4875-B01F-D949DB92DF8D}.Release|ARM.Build.0 = Release|Any CPU
		{965EA5A0-65F9-4875-B01F-D949DB92DF8D}.Release|ARM64.ActiveCfg = Release|Any CPU
		{965EA5A0-65F9-4875-B01F-D949DB92DF8D}.Release|ARM64.Build.0 = Release|Any CPU
		{965EA5A0-65F9-4875-B01F-D949DB92DF8D}.Release|x64.ActiveCfg = Release|Any CPU
		{965EA5A0-65F9-4875-B01F-D949DB92DF8D}.Release|x64.Build.0 = Release|Any CPU
		{965EA5A0-65F9-4875-B01F-D949DB92DF8D}.Release|x86.ActiveCfg = Release|Any CPU
		{965EA5A0-65F9-4875-B01F-D949DB92DF8D}.Release|x86.Build.0 = Release|Any CPU
	EndGlobalSection
	GlobalSection(SolutionProperties) = preSolution
		HideSolutionNode = FALSE
	EndGlobalSection
	GlobalSection(ExtensibilityGlobals) = postSolution
		SolutionGuid = {1AEE6EAA-80A9-4338-8614-1AC889A66577}
	EndGlobalSection
EndGlobal
